
Microsoft Visual Studio Solution File, Format Version 12.00
# Visual Studio Version 16
VisualStudioVersion = 16.0.29709.97
MinimumVisualStudioVersion = 10.0.40219.1
Project("{FAE04EC0-301F-11D3-BF4B-00C04F79EFBC}") = "ADO_NET_01", "ADO_NET\ADO_NET_01.csproj", "{907762EA-8ECF-4E9A-8AA1-C5A4F17FE27C}"
EndProject
Project("{FAE04EC0-301F-11D3-BF4B-00C04F79EFBC}") = "ADO_NET_02", "ADO_NET_2\ADO_NET_02.csproj", "{0E831C11-7C50-411D-BD8C-93715F855D8C}"
EndProject
Project("{FAE04EC0-301F-11D3-BF4B-00C04F79EFBC}") = "ADO_NET_03", "ADO_NET_3\ADO_NET_03.csproj", "{68028043-239E-43F9-9B0C-1E60CA97247B}"
EndProject
Project("{FAE04EC0-301F-11D3-BF4B-00C04F79EFBC}") = "ADO_NET_04", "ASP_NET_4\ADO_NET_04.csproj", "{BC9E56FD-A4F8-4365-AD0B-A0A119E737F0}"
EndProject
Project("{FAE04EC0-301F-11D3-BF4B-00C04F79EFBC}") = "ADO_NET_05", "ADO_NET_5\ADO_NET_05.csproj", "{8163A279-A82E-44F5-A48C-73EEFBF72E85}"
EndProject
Project("{FAE04EC0-301F-11D3-BF4B-00C04F79EFBC}") = "ADO_NET_06", "ADO_NET_6\ADO_NET_06.csproj", "{655EECDB-4C37-47D5-ACBD-DCB7460332D2}"
EndProject
Project("{FAE04EC0-301F-11D3-BF4B-00C04F79EFBC}") = "ADO_NET_07", "ADO_NET_7\ADO_NET_07.csproj", "{F2BD4F65-CF1E-4F7C-A864-879A42562E6F}"
EndProject
Project("{FAE04EC0-301F-11D3-BF4B-00C04F79EFBC}") = "ADO_NET_08", "ADO_NET_8\ADO_NET_08.csproj", "{C12315DE-D8B5-477E-9331-B9E6690A23A1}"
EndProject
Project("{FAE04EC0-301F-11D3-BF4B-00C04F79EFBC}") = "ADO_NET_09", "ADO_NET_9\ADO_NET_09.csproj", "{CF62C6FB-2B9E-4F09-AA02-579B4F8172FA}"
EndProject
Project("{FAE04EC0-301F-11D3-BF4B-00C04F79EFBC}") = "ADO_NET_10", "ADO_NET_10\ADO_NET_10.csproj", "{FF0FBF6F-07E9-438D-82AF-9380F304DD3F}"
EndProject
Project("{FAE04EC0-301F-11D3-BF4B-00C04F79EFBC}") = "ADO_NET_11", "ADO_NET_11\ADO_NET_11.csproj", "{619D24A1-59D8-4F10-9CC5-8C794CA622C3}"
EndProject
Global
	GlobalSection(SolutionConfigurationPlatforms) = preSolution
		Debug|Any CPU = Debug|Any CPU
		Release|Any CPU = Release|Any CPU
	EndGlobalSection
	GlobalSection(ProjectConfigurationPlatforms) = postSolution
		{907762EA-8ECF-4E9A-8AA1-C5A4F17FE27C}.Debug|Any CPU.ActiveCfg = Debug|Any CPU
		{907762EA-8ECF-4E9A-8AA1-C5A4F17FE27C}.Debug|Any CPU.Build.0 = Debug|Any CPU
		{907762EA-8ECF-4E9A-8AA1-C5A4F17FE27C}.Release|Any CPU.ActiveCfg = Release|Any CPU
		{907762EA-8ECF-4E9A-8AA1-C5A4F17FE27C}.Release|Any CPU.Build.0 = Release|Any CPU
		{0E831C11-7C50-411D-BD8C-93715F855D8C}.Debug|Any CPU.ActiveCfg = Debug|Any CPU
		{0E831C11-7C50-411D-BD8C-93715F855D8C}.Debug|Any CPU.Build.0 = Debug|Any CPU
		{0E831C11-7C50-411D-BD8C-93715F855D8C}.Release|Any CPU.ActiveCfg = Release|Any CPU
		{0E831C11-7C50-411D-BD8C-93715F855D8C}.Release|Any CPU.Build.0 = Release|Any CPU
		{68028043-239E-43F9-9B0C-1E60CA97247B}.Debug|Any CPU.ActiveCfg = Debug|Any CPU
		{68028043-239E-43F9-9B0C-1E60CA97247B}.Debug|Any CPU.Build.0 = Debug|Any CPU
		{68028043-239E-43F9-9B0C-1E60CA97247B}.Release|Any CPU.ActiveCfg = Release|Any CPU
		{68028043-239E-43F9-9B0C-1E60CA97247B}.Release|Any CPU.Build.0 = Release|Any CPU
		{BC9E56FD-A4F8-4365-AD0B-A0A119E737F0}.Debug|Any CPU.ActiveCfg = Debug|Any CPU
		{BC9E56FD-A4F8-4365-AD0B-A0A119E737F0}.Debug|Any CPU.Build.0 = Debug|Any CPU
		{BC9E56FD-A4F8-4365-AD0B-A0A119E737F0}.Release|Any CPU.ActiveCfg = Release|Any CPU
		{BC9E56FD-A4F8-4365-AD0B-A0A119E737F0}.Release|Any CPU.Build.0 = Release|Any CPU
		{8163A279-A82E-44F5-A48C-73EEFBF72E85}.Debug|Any CPU.ActiveCfg = Debug|Any CPU
		{8163A279-A82E-44F5-A48C-73EEFBF72E85}.Debug|Any CPU.Build.0 = Debug|Any CPU
		{8163A279-A82E-44F5-A48C-73EEFBF72E85}.Release|Any CPU.ActiveCfg = Release|Any CPU
		{8163A279-A82E-44F5-A48C-73EEFBF72E85}.Release|Any CPU.Build.0 = Release|Any CPU
		{655EECDB-4C37-47D5-ACBD-DCB7460332D2}.Debug|Any CPU.ActiveCfg = Debug|Any CPU
		{655EECDB-4C37-47D5-ACBD-DCB7460332D2}.Debug|Any CPU.Build.0 = Debug|Any CPU
		{655EECDB-4C37-47D5-ACBD-DCB7460332D2}.Release|Any CPU.ActiveCfg = Release|Any CPU
		{655EECDB-4C37-47D5-ACBD-DCB7460332D2}.Release|Any CPU.Build.0 = Release|Any CPU
		{F2BD4F65-CF1E-4F7C-A864-879A42562E6F}.Debug|Any CPU.ActiveCfg = Debug|Any CPU
		{F2BD4F65-CF1E-4F7C-A864-879A42562E6F}.Debug|Any CPU.Build.0 = Debug|Any CPU
		{F2BD4F65-CF1E-4F7C-A864-879A42562E6F}.Release|Any CPU.ActiveCfg = Release|Any CPU
		{F2BD4F65-CF1E-4F7C-A864-879A42562E6F}.Release|Any CPU.Build.0 = Release|Any CPU
		{C12315DE-D8B5-477E-9331-B9E6690A23A1}.Debug|Any CPU.ActiveCfg = Debug|Any CPU
		{C12315DE-D8B5-477E-9331-B9E6690A23A1}.Debug|Any CPU.Build.0 = Debug|Any CPU
		{C12315DE-D8B5-477E-9331-B9E6690A23A1}.Release|Any CPU.ActiveCfg = Release|Any CPU
		{C12315DE-D8B5-477E-9331-B9E6690A23A1}.Release|Any CPU.Build.0 = Release|Any CPU
		{CF62C6FB-2B9E-4F09-AA02-579B4F8172FA}.Debug|Any CPU.ActiveCfg = Debug|Any CPU
		{CF62C6FB-2B9E-4F09-AA02-579B4F8172FA}.Debug|Any CPU.Build.0 = Debug|Any CPU
		{CF62C6FB-2B9E-4F09-AA02-579B4F8172FA}.Release|Any CPU.ActiveCfg = Release|Any CPU
		{CF62C6FB-2B9E-4F09-AA02-579B4F8172FA}.Release|Any CPU.Build.0 = Release|Any CPU
		{FF0FBF6F-07E9-438D-82AF-9380F304DD3F}.Debug|Any CPU.ActiveCfg = Debug|Any CPU
		{FF0FBF6F-07E9-438D-82AF-9380F304DD3F}.Debug|Any CPU.Build.0 = Debug|Any CPU
		{FF0FBF6F-07E9-438D-82AF-9380F304DD3F}.Release|Any CPU.ActiveCfg = Release|Any CPU
		{FF0FBF6F-07E9-438D-82AF-9380F304DD3F}.Release|Any CPU.Build.0 = Release|Any CPU
		{619D24A1-59D8-4F10-9CC5-8C794CA622C3}.Debug|Any CPU.ActiveCfg = Debug|Any CPU
		{619D24A1-59D8-4F10-9CC5-8C794CA622C3}.Debug|Any CPU.Build.0 = Debug|Any CPU
		{619D24A1-59D8-4F10-9CC5-8C794CA622C3}.Release|Any CPU.ActiveCfg = Release|Any CPU
		{619D24A1-59D8-4F10-9CC5-8C794CA622C3}.Release|Any CPU.Build.0 = Release|Any CPU
	EndGlobalSection
	GlobalSection(SolutionProperties) = preSolution
		HideSolutionNode = FALSE
	EndGlobalSection
	GlobalSection(ExtensibilityGlobals) = postSolution
		SolutionGuid = {184A04B6-21BB-4E97-AE80-D79AE2288B75}
	EndGlobalSection
EndGlobal
